{
	"requires": true,
	"lockfileVersion": 1,
	"dependencies": {
		"@webgpu/glslang-web": {
			"version": "0.0.4",
			"resolved": "https://registry.npmjs.org/@webgpu/glslang-web/-/glslang-web-0.0.4.tgz",
			"integrity": "sha512-DuC1XcfbHOWMxtPxCZrgjxse6UwnfvRWF65fyHq5B1GxEDWkvyqncNDMRPwuew+ZtObGOWfWsskAB1lqQKoQCQ=="
		}
	}
}
